
Microsoft Visual Studio Solution File, Format Version 12.00
# Visual Studio Version 16
VisualStudioVersion = 16.0.32630.194
MinimumVisualStudioVersion = 10.0.40219.1
Project("{FAE04EC0-301F-11D3-BF4B-00C04F79EFBC}") = "Actividad_Clase_Calificaion", "Actividad_Clase_Calificaion.csproj", "{C57B7309-D84B-406C-BDB8-31B7B8B57D84}"
EndProject
Global
	GlobalSection(SolutionConfigurationPlatforms) = preSolution
		Debug|Any CPU = Debug|Any CPU
		Release|Any CPU = Release|Any CPU
	EndGlobalSection
	GlobalSection(ProjectConfigurationPlatforms) = postSolution
		{C57B7309-D84B-406C-BDB8-31B7B8B57D84}.Debug|Any CPU.ActiveCfg = Debug|Any CPU
		{C57B7309-D84B-406C-BDB8-31B7B8B57D84}.Debug|Any CPU.Build.0 = Debug|Any CPU
		{C57B7309-D84B-406C-BDB8-31B7B8B57D84}.Release|Any CPU.ActiveCfg = Release|Any CPU
		{C57B7309-D84B-406C-BDB8-31B7B8B57D84}.Release|Any CPU.Build.0 = Release|Any CPU
	EndGlobalSection
	GlobalSection(SolutionProperties) = preSolution
		HideSolutionNode = FALSE
	EndGlobalSection
	GlobalSection(ExtensibilityGlobals) = postSolution
		SolutionGuid = {7392A07C-AE1B-442C-B277-C89F4AF7DAA5}
	EndGlobalSection
EndGlobal
